PODS:
  - DJI-SDK-iOS (4.11.2)
  - DJI-UXSDK-iOS (4.11.1):
    - DJI-UXSDK-iOS/Core (= 4.11.1)
  - DJI-UXSDK-iOS/Core (4.11.1)
  - DJIWidget (1.6.2)

DEPENDENCIES:
  - DJI-SDK-iOS (~> 4.11.0)
  - DJI-UXSDK-iOS (~> 4.11.0)
  - DJIWidget

SPEC REPOS:
  trunk:
    - DJI-SDK-iOS
    - DJI-UXSDK-iOS
    - DJIWidget

SPEC CHECKSUMS:
  DJI-SDK-iOS: dd421937079d101dee461eb5c311cb9d26404dd7
  DJI-UXSDK-iOS: 29948f571d2e6c0e3131eb93ea77a0e4582f1932
  DJIWidget: cc635356515eaac7e9698eb9b1b8c5764728e3c5

PODFILE CHECKSUM: 3dfd504c0edb6877130931325595925ee7b32d79

COCOAPODS: 1.9.1
